// !$*UTF8*$!
{
	archiveVersion = 1;
	classes = {
	};
	objectVersion = 77;
	objects = {

/* Begin PBXBuildFile section */
		A100000A301DF8050072B1F5 /* Sodium Tracker Widgets.appex in Embed Foundation Extensions */ = {isa = PBXBuildFile; fileRef = A1000004301DF8050072B1F5 /* Sodium Tracker Widgets.appex */; settings = {ATTRIBUTES = (RemoveHeadersOnCopy, ); }; };
/* End PBXBuildFile section */

/* Begin PBXContainerItemProxy section */
		405C0930301DF8050072B1F5 /* PBXContainerItemProxy */ = {
			isa = PBXContainerItemProxy;
			containerPortal = 405C091A301DF8030072B1F5 /* Project object */;
			proxyType = 1;
			remoteGlobalIDString = 405C0921301DF8030072B1F5;
			remoteInfo = "Sodium Tracker";
		};
		405C093A301DF8050072B1F5 /* PBXContainerItemProxy */ = {
			isa = PBXContainerItemProxy;
			containerPortal = 405C091A301DF8030072B1F5 /* Project object */;
			proxyType = 1;
			remoteGlobalIDString = 405C0921301DF8030072B1F5;
			remoteInfo = "Sodium Tracker";
		};
		A1000002301DF8050072B1F5 /* PBXContainerItemProxy */ = {
			isa = PBXContainerItemProxy;
			containerPortal = 405C091A301DF8030072B1F5 /* Project object */;
			proxyType = 1;
			remoteGlobalIDString = A1000001301DF8050072B1F5;
			remoteInfo = "Sodium Tracker Widgets";
		};
/* End PBXContainerItemProxy section */

/* Begin PBXCopyFilesBuildPhase section */
		A100000B301DF8050072B1F5 /* Embed Foundation Extensions */ = {
			isa = PBXCopyFilesBuildPhase;
			buildActionMask = 2147483647;
			dstPath = "";
			dstSubfolderSpec = 13;
			files = (
				A100000A301DF8050072B1F5 /* Sodium Tracker Widgets.appex in Embed Foundation Extensions */,
			);
			name = "Embed Foundation Extensions";
			runOnlyForDeploymentPostprocessing = 0;
		};
/* End PBXCopyFilesBuildPhase section */

/* Begin PBXFileReference section */
		405C0922301DF8030072B1F5 /* Sodium Tracker.app */ = {isa = PBXFileReference; explicitFileType = wrapper.application; includeInIndex = 0; path = "Sodium Tracker.app"; sourceTree = BUILT_PRODUCTS_DIR; };
		405C092F301DF8050072B1F5 /* Sodium TrackerTests.xctest */ = {isa = PBXFileReference; explicitFileType = wrapper.cfbundle; includeInIndex = 0; path = "Sodium TrackerTests.xctest"; sourceTree = BUILT_PRODUCTS_DIR; };
		405C0939301DF8050072B1F5 /* Sodium TrackerUITests.xctest */ = {isa = PBXFileReference; explicitFileType = wrapper.cfbundle; includeInIndex = 0; path = "Sodium TrackerUITests.xctest"; sourceTree = BUILT_PRODUCTS_DIR; };
		A1000004301DF8050072B1F5 /* Sodium Tracker Widgets.appex */ = {isa = PBXFileReference; explicitFileType = "wrapper.app-extension"; includeInIndex = 0; path = "Sodium Tracker Widgets.appex"; sourceTree = BUILT_PRODUCTS_DIR; };
/* End PBXFileReference section */

/* Begin PBXFileSystemSynchronizedBuildFileExceptionSet section */
		A1000014301DF8050072B1F5 /* Exceptions for "Sodium Tracker Widgets" folder in "Sodium Tracker Widgets" target */ = {
			isa = PBXFileSystemSynchronizedBuildFileExceptionSet;
			membershipExceptions = (
				Info.plist,
			);
			target = A1000001301DF8050072B1F5 /* Sodium Tracker Widgets */;
		};
		A1000015301DF8050072B1F5 /* Exceptions for "Sodium Tracker" folder in "Sodium Tracker" target */ = {
			isa = PBXFileSystemSynchronizedBuildFileExceptionSet;
			membershipExceptions = (
				Info.plist,
				Resources/FatSecretSecrets.plist,
			);
			target = 405C0921301DF8030072B1F5 /* Sodium Tracker */;
		};
/* End PBXFileSystemSynchronizedBuildFileExceptionSet section */

/* Begin PBXFileSystemSynchronizedRootGroup section */
		405C0924301DF8030072B1F5 /* Sodium Tracker */ = {
			isa = PBXFileSystemSynchronizedRootGroup;
			exceptions = (
				A1000015301DF8050072B1F5 /* Exceptions for "Sodium Tracker" folder in "Sodium Tracker" target */,
			);
			path = "Sodium Tracker";
			sourceTree = "<group>";
		};
		405C0932301DF8050072B1F5 /* Sodium TrackerTests */ = {
			isa = PBXFileSystemSynchronizedRootGroup;
			path = "Sodium TrackerTests";
			sourceTree = "<group>";
		};
		405C093C301DF8050072B1F5 /* Sodium TrackerUITests */ = {
			isa = PBXFileSystemSynchronizedRootGroup;
			path = "Sodium TrackerUITests";
			sourceTree = "<group>";
		};
		A1000005301DF8050072B1F5 /* Sodium Tracker Widgets */ = {
			isa = PBXFileSystemSynchronizedRootGroup;
			exceptions = (
				A1000014301DF8050072B1F5 /* Exceptions for "Sodium Tracker Widgets" folder in "Sodium Tracker Widgets" target */,
			);
			path = "Sodium Tracker Widgets";
			sourceTree = "<group>";
		};
/* End PBXFileSystemSynchronizedRootGroup section */

/* Begin PBXFrameworksBuildPhase section */
		405C091F301DF8030072B1F5 /* Frameworks */ = {
			isa = PBXFrameworksBuildPhase;
			buildActionMask = 2147483647;
			files = (
			);
			runOnlyForDeploymentPostprocessing = 0;
		};
		405C092C301DF8050072B1F5 /* Frameworks */ = {
			isa = PBXFrameworksBuildPhase;
			buildActionMask = 2147483647;
			files = (
			);
			runOnlyForDeploymentPostprocessing = 0;
		};
		405C0936301DF8050072B1F5 /* Frameworks */ = {
			isa = PBXFrameworksBuildPhase;
			buildActionMask = 2147483647;
			files = (
			);
			runOnlyForDeploymentPostprocessing = 0;
		};
		A1000008301DF8050072B1F5 /* Frameworks */ = {
			isa = PBXFrameworksBuildPhase;
			buildActionMask = 2147483647;
			files = (
			);
			runOnlyForDeploymentPostprocessing = 0;
		};
/* End PBXFrameworksBuildPhase section */

/* Begin PBXGroup section */
		405C0919301DF8030072B1F5 = {
			isa = PBXGroup;
			children = (
				405C0924301DF8030072B1F5 /* Sodium Tracker */,
				A1000005301DF8050072B1F5 /* Sodium Tracker Widgets */,
				405C0932301DF8050072B1F5 /* Sodium TrackerTests */,
				405C093C301DF8050072B1F5 /* Sodium TrackerUITests */,
				405C0923301DF8030072B1F5 /* Products */,
			);
			sourceTree = "<group>";
		};
		405C0923301DF8030072B1F5 /* Products */ = {
			isa = PBXGroup;
			children = (
				405C0922301DF8030072B1F5 /* Sodium Tracker.app */,
				A1000004301DF8050072B1F5 /* Sodium Tracker Widgets.appex */,
				405C092F301DF8050072B1F5 /* Sodium TrackerTests.xctest */,
				405C0939301DF8050072B1F5 /* Sodium TrackerUITests.xctest */,
			);
			name = Products;
			sourceTree = "<group>";
		};
/* End PBXGroup section */

/* Begin PBXNativeTarget section */
		405C0921301DF8030072B1F5 /* Sodium Tracker */ = {
			isa = PBXNativeTarget;
			buildConfigurationList = 405C0943301DF8050072B1F5 /* Build configuration list for PBXNativeTarget "Sodium Tracker" */;
			buildPhases = (
				405C091E301DF8030072B1F5 /* Sources */,
				405C091F301DF8030072B1F5 /* Frameworks */,
				405C0920301DF8030072B1F5 /* Resources */,
				A100000B301DF8050072B1F5 /* Embed Foundation Extensions */,
			);
			buildRules = (
			);
			dependencies = (
				A100000C301DF8050072B1F5 /* PBXTargetDependency */,
			);
			fileSystemSynchronizedGroups = (
				405C0924301DF8030072B1F5 /* Sodium Tracker */,
			);
			name = "Sodium Tracker";
			packageProductDependencies = (
			);
			productName = "Sodium Tracker";
			productReference = 405C0922301DF8030072B1F5 /* Sodium Tracker.app */;
			productType = "com.apple.product-type.application";
		};
		405C092E301DF8050072B1F5 /* Sodium TrackerTests */ = {
			isa = PBXNativeTarget;
			buildConfigurationList = 405C0946301DF8050072B1F5 /* Build configuration list for PBXNativeTarget "Sodium TrackerTests" */;
			buildPhases = (
				405C092B301DF8050072B1F5 /* Sources */,
				405C092C301DF8050072B1F5 /* Frameworks */,
				405C092D301DF8050072B1F5 /* Resources */,
			);
			buildRules = (
			);
			dependencies = (
				405C0931301DF8050072B1F5 /* PBXTargetDependency */,
			);
			fileSystemSynchronizedGroups = (
				405C0932301DF8050072B1F5 /* Sodium TrackerTests */,
			);
			name = "Sodium TrackerTests";
			packageProductDependencies = (
			);
			productName = "Sodium TrackerTests";
			productReference = 405C092F301DF8050072B1F5 /* Sodium TrackerTests.xctest */;
			productType = "com.apple.product-type.bundle.unit-test";
		};
		405C0938301DF8050072B1F5 /* Sodium TrackerUITests */ = {
			isa = PBXNativeTarget;
			buildConfigurationList = 405C0949301DF8050072B1F5 /* Build configuration list for PBXNativeTarget "Sodium TrackerUITests" */;
			buildPhases = (
				405C0935301DF8050072B1F5 /* Sources */,
				405C0936301DF8050072B1F5 /* Frameworks */,
				405C0937301DF8050072B1F5 /* Resources */,
			);
			buildRules = (
			);
			dependencies = (
				405C093B301DF8050072B1F5 /* PBXTargetDependency */,
			);
			fileSystemSynchronizedGroups = (
				405C093C301DF8050072B1F5 /* Sodium TrackerUITests */,
			);
			name = "Sodium TrackerUITests";
			packageProductDependencies = (
			);
			productName = "Sodium TrackerUITests";
			productReference = 405C0939301DF8050072B1F5 /* Sodium TrackerUITests.xctest */;
			productType = "com.apple.product-type.bundle.ui-testing";
		};
		A1000001301DF8050072B1F5 /* Sodium Tracker Widgets */ = {
			isa = PBXNativeTarget;
			buildConfigurationList = A1000013301DF8050072B1F5 /* Build configuration list for PBXNativeTarget "Sodium Tracker Widgets" */;
			buildPhases = (
				A1000006301DF8050072B1F5 /* Sources */,
				A1000008301DF8050072B1F5 /* Frameworks */,
				A1000007301DF8050072B1F5 /* Resources */,
			);
			buildRules = (
			);
			dependencies = (
			);
			fileSystemSynchronizedGroups = (
				A1000005301DF8050072B1F5 /* Sodium Tracker Widgets */,
			);
			name = "Sodium Tracker Widgets";
			packageProductDependencies = (
			);
			productName = "Sodium Tracker Widgets";
			productReference = A1000004301DF8050072B1F5 /* Sodium Tracker Widgets.appex */;
			productType = "com.apple.product-type.app-extension";
		};
/* End PBXNativeTarget section */

/* Begin PBXProject section */
		405C091A301DF8030072B1F5 /* Project object */ = {
			isa = PBXProject;
			attributes = {
				BuildIndependentTargetsInParallel = 1;
				LastSwiftUpdateCheck = 2630;
				LastUpgradeCheck = 2630;
				TargetAttributes = {
					405C0921301DF8030072B1F5 = {
						CreatedOnToolsVersion = 26.3;
					};
					405C092E301DF8050072B1F5 = {
						CreatedOnToolsVersion = 26.3;
						TestTargetID = 405C0921301DF8030072B1F5;
					};
					405C0938301DF8050072B1F5 = {
						CreatedOnToolsVersion = 26.3;
						TestTargetID = 405C0921301DF8030072B1F5;
					};
					A1000001301DF8050072B1F5 = {
						CreatedOnToolsVersion = 26.3;
					};
				};
			};
			buildConfigurationList = 405C091D301DF8030072B1F5 /* Build configuration list for PBXProject "Sodium Tracker" */;
			developmentRegion = en;
			hasScannedForEncodings = 0;
			knownRegions = (
				en,
				Base,
				de,
				ja,
				fr,
				nl,
				it,
				es,
				sv,
				"zh-Hans",
				ms,
				ta,
				ga,
				mi,
				rm,
			);
			mainGroup = 405C0919301DF8030072B1F5;
			minimizedProjectReferenceProxies = 1;
			preferredProjectObjectVersion = 77;
			productRefGroup = 405C0923301DF8030072B1F5 /* Products */;
			projectDirPath = "";
			projectRoot = "";
			targets = (
				405C0921301DF8030072B1F5 /* Sodium Tracker */,
				A1000001301DF8050072B1F5 /* Sodium Tracker Widgets */,
				405C092E301DF8050072B1F5 /* Sodium TrackerTests */,
				405C0938301DF8050072B1F5 /* Sodium TrackerUITests */,
			);
		};
/* End PBXProject section */

/* Begin PBXResourcesBuildPhase section */
		405C0920301DF8030072B1F5 /* Resources */ = {
			isa = PBXResourcesBuildPhase;
			buildActionMask = 2147483647;
			files = (
			);
			runOnlyForDeploymentPostprocessing = 0;
		};
		405C092D301DF8050072B1F5 /* Resources */ = {
			isa = PBXResourcesBuildPhase;
			buildActionMask = 2147483647;
			files = (
			);
			runOnlyForDeploymentPostprocessing = 0;
		};
		405C0937301DF8050072B1F5 /* Resources */ = {
			isa = PBXResourcesBuildPhase;
			buildActionMask = 2147483647;
			files = (
			);
			runOnlyForDeploymentPostprocessing = 0;
		};
		A1000007301DF8050072B1F5 /* Resources */ = {
			isa = PBXResourcesBuildPhase;
			buildActionMask = 2147483647;
			files = (
			);
			runOnlyForDeploymentPostprocessing = 0;
		};
/* End PBXResourcesBuildPhase section */

/* Begin PBXSourcesBuildPhase section */
		405C091E301DF8030072B1F5 /* Sources */ = {
			isa = PBXSourcesBuildPhase;
			buildActionMask = 2147483647;
			files = (
			);
			runOnlyForDeploymentPostprocessing = 0;
		};
		405C092B301DF8050072B1F5 /* Sources */ = {
			isa = PBXSourcesBuildPhase;
			buildActionMask = 2147483647;
			files = (
			);
			runOnlyForDeploymentPostprocessing = 0;
		};
		405C0935301DF8050072B1F5 /* Sources */ = {
			isa = PBXSourcesBuildPhase;
			buildActionMask = 2147483647;
			files = (
			);
			runOnlyForDeploymentPostprocessing = 0;
		};
		A1000006301DF8050072B1F5 /* Sources */ = {
			isa = PBXSourcesBuildPhase;
			buildActionMask = 2147483647;
			files = (
			);
			runOnlyForDeploymentPostprocessing = 0;
		};
/* End PBXSourcesBuildPhase section */

/* Begin PBXTargetDependency section */
		405C0931301DF8050072B1F5 /* PBXTargetDependency */ = {
			isa = PBXTargetDependency;
			target = 405C0921301DF8030072B1F5 /* Sodium Tracker */;
			targetProxy = 405C0930301DF8050072B1F5 /* PBXContainerItemProxy */;
		};
		405C093B301DF8050072B1F5 /* PBXTargetDependency */ = {
			isa = PBXTargetDependency;
			target = 405C0921301DF8030072B1F5 /* Sodium Tracker */;
			targetProxy = 405C093A301DF8050072B1F5 /* PBXContainerItemProxy */;
		};
		A100000C301DF8050072B1F5 /* PBXTargetDependency */ = {
			isa = PBXTargetDependency;
			target = A1000001301DF8050072B1F5 /* Sodium Tracker Widgets */;
			targetProxy = A1000002301DF8050072B1F5 /* PBXContainerItemProxy */;
		};
/* End PBXTargetDependency section */

/* Begin XCBuildConfiguration section */
		405C0941301DF8050072B1F5 /* Debug */ = {
			isa = XCBuildConfiguration;
			buildSettings = {
				ALWAYS_SEARCH_USER_PATHS = NO;
				ASSETCATALOG_COMPILER_GENERATE_SWIFT_ASSET_SYMBOL_EXTENSIONS = YES;
				CLANG_ANALYZER_NONNULL = YES;
				CLANG_ANALYZER_NUMBER_OBJECT_CONVERSION = YES_AGGRESSIVE;
				CLANG_CXX_LANGUAGE_STANDARD = "gnu++20";
				CLANG_ENABLE_MODULES = YES;
				CLANG_ENABLE_OBJC_ARC = YES;
				CLANG_ENABLE_OBJC_WEAK = YES;
				CLANG_WARN_BLOCK_CAPTURE_AUTORELEASING = YES;
				CLANG_WARN_BOOL_CONVERSION = YES;
				CLANG_WARN_COMMA = YES;
				CLANG_WARN_CONSTANT_CONVERSION = YES;
				CLANG_WARN_DEPRECATED_OBJC_IMPLEMENTATIONS = YES;
				CLANG_WARN_DIRECT_OBJC_ISA_USAGE = YES_ERROR;
				CLANG_WARN_DOCUMENTATION_COMMENTS = YES;
				CLANG_WARN_EMPTY_BODY = YES;
				CLANG_WARN_ENUM_CONVERSION = YES;
				CLANG_WARN_INFINITE_RECURSION = YES;
				CLANG_WARN_INT_CONVERSION = YES;
				CLANG_WARN_NON_LITERAL_NULL_CONVERSION = YES;
				CLANG_WARN_OBJC_IMPLICIT_RETAIN_SELF = YES;
				CLANG_WARN_OBJC_LITERAL_CONVERSION = YES;
				CLANG_WARN_OBJC_ROOT_CLASS = YES_ERROR;
				CLANG_WARN_QUOTED_INCLUDE_IN_FRAMEWORK_HEADER = YES;
				CLANG_WARN_RANGE_LOOP_ANALYSIS = YES;
				CLANG_WARN_STRICT_PROTOTYPES = YES;
				CLANG_WARN_SUSPICIOUS_MOVE = YES;
				CLANG_WARN_UNGUARDED_AVAILABILITY = YES_AGGRESSIVE;
				CLANG_WARN_UNREACHABLE_CODE = YES;
				CLANG_WARN__DUPLICATE_METHOD_MATCH = YES;
				COPY_PHASE_STRIP = NO;
				DEBUG_INFORMATION_FORMAT = dwarf;
				ENABLE_STRICT_OBJC_MSGSEND = YES;
				ENABLE_TESTABILITY = YES;
				ENABLE_USER_SCRIPT_SANDBOXING = YES;
				GCC_C_LANGUAGE_STANDARD = gnu17;
				GCC_DYNAMIC_NO_PIC = NO;
				GCC_NO_COMMON_BLOCKS = YES;
				GCC_OPTIMIZATION_LEVEL = 0;
				GCC_PREPROCESSOR_DEFINITIONS = (
					"DEBUG=1",
					"$(inherited)",
				);
				GCC_WARN_64_TO_32_BIT_CONVERSION = YES;
				GCC_WARN_ABOUT_RETURN_TYPE = YES_ERROR;
				GCC_WARN_UNDECLARED_SELECTOR = YES;
				GCC_WARN_UNINITIALIZED_AUTOS = YES_AGGRESSIVE;
				GCC_WARN_UNUSED_FUNCTION = YES;
				GCC_WARN_UNUSED_VARIABLE = YES;
				IPHONEOS_DEPLOYMENT_TARGET = 26.2;
				LOCALIZATION_PREFERS_STRING_CATALOGS = YES;
				MTL_ENABLE_DEBUG_INFO = INCLUDE_SOURCE;
				MTL_FAST_MATH = YES;
				ONLY_ACTIVE_ARCH = YES;
				SDKROOT = iphoneos;
				SWIFT_ACTIVE_COMPILATION_CONDITIONS = "DEBUG $(inherited)";
				SWIFT_OPTIMIZATION_LEVEL = "-Onone";
			};
			name = Debug;
		};
		405C0942301DF8050072B1F5 /* Release */ = {
			isa = XCBuildConfiguration;
			buildSettings = {
				ALWAYS_SEARCH_USER_PATHS = NO;
				ASSETCATALOG_COMPILER_GENERATE_SWIFT_ASSET_SYMBOL_EXTENSIONS = YES;
				CLANG_ANALYZER_NONNULL = YES;
				CLANG_ANALYZER_NUMBER_OBJECT_CONVERSION = YES_AGGRESSIVE;
				CLANG_CXX_LANGUAGE_STANDARD = "gnu++20";
				CLANG_ENABLE_MODULES = YES;
				CLANG_ENABLE_OBJC_ARC = YES;
				CLANG_ENABLE_OBJC_WEAK = YES;
				CLANG_WARN_BLOCK_CAPTURE_AUTORELEASING = YES;
				CLANG_WARN_BOOL_CONVERSION = YES;
				CLANG_WARN_COMMA = YES;
				CLANG_WARN_CONSTANT_CONVERSION = YES;
				CLANG_WARN_DEPRECATED_OBJC_IMPLEMENTATIONS = YES;
				CLANG_WARN_DIRECT_OBJC_ISA_USAGE = YES_ERROR;
				CLANG_WARN_DOCUMENTATION_COMMENTS = YES;
				CLANG_WARN_EMPTY_BODY = YES;
				CLANG_WARN_ENUM_CONVERSION = YES;
				CLANG_WARN_INFINITE_RECURSION = YES;
				CLANG_WARN_INT_CONVERSION = YES;
				CLANG_WARN_NON_LITERAL_NULL_CONVERSION = YES;
				CLANG_WARN_OBJC_IMPLICIT_RETAIN_SELF = YES;
				CLANG_WARN_OBJC_LITERAL_CONVERSION = YES;
				CLANG_WARN_OBJC_ROOT_CLASS = YES_ERROR;
				CLANG_WARN_QUOTED_INCLUDE_IN_FRAMEWORK_HEADER = YES;
				CLANG_WARN_RANGE_LOOP_ANALYSIS = YES;
				CLANG_WARN_STRICT_PROTOTYPES = YES;
				CLANG_WARN_SUSPICIOUS_MOVE = YES;
				CLANG_WARN_UNGUARDED_AVAILABILITY = YES_AGGRESSIVE;
				CLANG_WARN_UNREACHABLE_CODE = YES;
				CLANG_WARN__DUPLICATE_METHOD_MATCH = YES;
				COPY_PHASE_STRIP = NO;
				DEBUG_INFORMATION_FORMAT = "dwarf-with-dsym";
				ENABLE_NS_ASSERTIONS = NO;
				ENABLE_STRICT_OBJC_MSGSEND = YES;
				ENABLE_USER_SCRIPT_SANDBOXING = YES;
				GCC_C_LANGUAGE_STANDARD = gnu17;
				GCC_NO_COMMON_BLOCKS = YES;
				GCC_WARN_64_TO_32_BIT_CONVERSION = YES;
				GCC_WARN_ABOUT_RETURN_TYPE = YES_ERROR;
				GCC_WARN_UNDECLARED_SELECTOR = YES;
				GCC_WARN_UNINITIALIZED_AUTOS = YES_AGGRESSIVE;
				GCC_WARN_UNUSED_FUNCTION = YES;
				GCC_WARN_UNUSED_VARIABLE = YES;
				IPHONEOS_DEPLOYMENT_TARGET = 26.2;
				LOCALIZATION_PREFERS_STRING_CATALOGS = YES;
				MTL_ENABLE_DEBUG_INFO = NO;
				MTL_FAST_MATH = YES;
				SDKROOT = iphoneos;
				SWIFT_COMPILATION_MODE = wholemodule;
				VALIDATE_PRODUCT = YES;
			};
			name = Release;
		};
		405C0944301DF8050072B1F5 /* Debug */ = {
			isa = XCBuildConfiguration;
			buildSettings = {
				ASSETCATALOG_COMPILER_APPICON_NAME = AppIcon;
				ASSETCATALOG_COMPILER_GLOBAL_ACCENT_COLOR_NAME = AccentColor;
				CODE_SIGN_ENTITLEMENTS = "Sodium Tracker/Sodium Tracker.entitlements";
				CODE_SIGN_STYLE = Automatic;
				CURRENT_PROJECT_VERSION = 8;
				DEVELOPMENT_TEAM = 6DY7FD5M8H;
				ENABLE_PREVIEWS = YES;
				FATSECRET_PROXY_URL = "https://sodium-tracker-api.vercel.app/v1";
				GENERATE_INFOPLIST_FILE = NO;
				INFOPLIST_FILE = "Sodium Tracker/Info.plist";
				INFOPLIST_KEY_FatSecretProxyURL = "$(FATSECRET_PROXY_URL)";
				INFOPLIST_KEY_PinchProxyAPIKey = "$(PINCH_PROXY_API_KEY)";
				INFOPLIST_KEY_UIApplicationSceneManifest_Generation = YES;
				INFOPLIST_KEY_UIApplicationSupportsIndirectInputEvents = YES;
				INFOPLIST_KEY_UILaunchScreen_Generation = YES;
				INFOPLIST_KEY_UISupportedInterfaceOrientations_iPad = "UIInterfaceOrientationPortrait UIInterfaceOrientationPortraitUpsideDown UIInterfaceOrientationLandscapeLeft UIInterfaceOrientationLandscapeRight";
				INFOPLIST_KEY_UISupportedInterfaceOrientations_iPhone = "UIInterfaceOrientationPortrait UIInterfaceOrientationLandscapeLeft UIInterfaceOrientationLandscapeRight";
				LD_RUNPATH_SEARCH_PATHS = (
					"$(inherited)",
					"@executable_path/Frameworks",
				);
				MARKETING_VERSION = 1.2;
				PINCH_PROXY_API_KEY = "";
				PRODUCT_BUNDLE_IDENTIFIER = "com.kabi.sodium.tracker.Sodium-Tracker";
				PRODUCT_NAME = "$(TARGET_NAME)";
				STRING_CATALOG_GENERATE_SYMBOLS = YES;
				SWIFT_APPROACHABLE_CONCURRENCY = YES;
				SWIFT_DEFAULT_ACTOR_ISOLATION = MainActor;
				SWIFT_EMIT_LOC_STRINGS = YES;
				SWIFT_UPCOMING_FEATURE_MEMBER_IMPORT_VISIBILITY = YES;
				SWIFT_VERSION = 5.0;
				TARGETED_DEVICE_FAMILY = "1,2";
			};
			name = Debug;
		};
		405C0945301DF8050072B1F5 /* Release */ = {
			isa = XCBuildConfiguration;
			buildSettings = {
				ASSETCATALOG_COMPILER_APPICON_NAME = AppIcon;
				ASSETCATALOG_COMPILER_GLOBAL_ACCENT_COLOR_NAME = AccentColor;
				CODE_SIGN_ENTITLEMENTS = "Sodium Tracker/Sodium Tracker.entitlements";
				CODE_SIGN_STYLE = Automatic;
				CURRENT_PROJECT_VERSION = 8;
				DEVELOPMENT_TEAM = 6DY7FD5M8H;
				ENABLE_PREVIEWS = YES;
				FATSECRET_PROXY_URL = "https://sodium-tracker-api.vercel.app/v1";
				GENERATE_INFOPLIST_FILE = NO;
				INFOPLIST_FILE = "Sodium Tracker/Info.plist";
				INFOPLIST_KEY_FatSecretProxyURL = "$(FATSECRET_PROXY_URL)";
				INFOPLIST_KEY_PinchProxyAPIKey = "$(PINCH_PROXY_API_KEY)";
				INFOPLIST_KEY_UIApplicationSceneManifest_Generation = YES;
				INFOPLIST_KEY_UIApplicationSupportsIndirectInputEvents = YES;
				INFOPLIST_KEY_UILaunchScreen_Generation = YES;
				INFOPLIST_KEY_UISupportedInterfaceOrientations_iPad = "UIInterfaceOrientationPortrait UIInterfaceOrientationPortraitUpsideDown UIInterfaceOrientationLandscapeLeft UIInterfaceOrientationLandscapeRight";
				INFOPLIST_KEY_UISupportedInterfaceOrientations_iPhone = "UIInterfaceOrientationPortrait UIInterfaceOrientationLandscapeLeft UIInterfaceOrientationLandscapeRight";
				LD_RUNPATH_SEARCH_PATHS = (
					"$(inherited)",
					"@executable_path/Frameworks",
				);
				MARKETING_VERSION = 1.2;
				PINCH_PROXY_API_KEY = "";
				PRODUCT_BUNDLE_IDENTIFIER = "com.kabi.sodium.tracker.Sodium-Tracker";
				PRODUCT_NAME = "$(TARGET_NAME)";
				STRING_CATALOG_GENERATE_SYMBOLS = YES;
				SWIFT_APPROACHABLE_CONCURRENCY = YES;
				SWIFT_DEFAULT_ACTOR_ISOLATION = MainActor;
				SWIFT_EMIT_LOC_STRINGS = YES;
				SWIFT_UPCOMING_FEATURE_MEMBER_IMPORT_VISIBILITY = YES;
				SWIFT_VERSION = 5.0;
				TARGETED_DEVICE_FAMILY = "1,2";
			};
			name = Release;
		};
		405C0947301DF8050072B1F5 /* Debug */ = {
			isa = XCBuildConfiguration;
			buildSettings = {
				BUNDLE_LOADER = "$(TEST_HOST)";
				CODE_SIGN_STYLE = Automatic;
				CURRENT_PROJECT_VERSION = 1;
				GENERATE_INFOPLIST_FILE = YES;
				IPHONEOS_DEPLOYMENT_TARGET = 26.2;
				MARKETING_VERSION = 1.2;
				PRODUCT_BUNDLE_IDENTIFIER = "com.kabi.sodium.tracker.Sodium-TrackerTests";
				PRODUCT_NAME = "$(TARGET_NAME)";
				STRING_CATALOG_GENERATE_SYMBOLS = NO;
				SWIFT_APPROACHABLE_CONCURRENCY = YES;
				SWIFT_EMIT_LOC_STRINGS = NO;
				SWIFT_UPCOMING_FEATURE_MEMBER_IMPORT_VISIBILITY = YES;
				SWIFT_VERSION = 5.0;
				TARGETED_DEVICE_FAMILY = "1,2";
				TEST_HOST = "$(BUILT_PRODUCTS_DIR)/Sodium Tracker.app/$(BUNDLE_EXECUTABLE_FOLDER_PATH)/Sodium Tracker";
			};
			name = Debug;
		};
		405C0948301DF8050072B1F5 /* Release */ = {
			isa = XCBuildConfiguration;
			buildSettings = {
				BUNDLE_LOADER = "$(TEST_HOST)";
				CODE_SIGN_STYLE = Automatic;
				CURRENT_PROJECT_VERSION = 1;
				GENERATE_INFOPLIST_FILE = YES;
				IPHONEOS_DEPLOYMENT_TARGET = 26.2;
				MARKETING_VERSION = 1.2;
				PRODUCT_BUNDLE_IDENTIFIER = "com.kabi.sodium.tracker.Sodium-TrackerTests";
				PRODUCT_NAME = "$(TARGET_NAME)";
				STRING_CATALOG_GENERATE_SYMBOLS = NO;
				SWIFT_APPROACHABLE_CONCURRENCY = YES;
				SWIFT_EMIT_LOC_STRINGS = NO;
				SWIFT_UPCOMING_FEATURE_MEMBER_IMPORT_VISIBILITY = YES;
				SWIFT_VERSION = 5.0;
				TARGETED_DEVICE_FAMILY = "1,2";
				TEST_HOST = "$(BUILT_PRODUCTS_DIR)/Sodium Tracker.app/$(BUNDLE_EXECUTABLE_FOLDER_PATH)/Sodium Tracker";
			};
			name = Release;
		};
		405C094A301DF8050072B1F5 /* Debug */ = {
			isa = XCBuildConfiguration;
			buildSettings = {
				CODE_SIGN_STYLE = Automatic;
				CURRENT_PROJECT_VERSION = 1;
				GENERATE_INFOPLIST_FILE = YES;
				MARKETING_VERSION = 1.2;
				PRODUCT_BUNDLE_IDENTIFIER = "com.kabi.sodium.tracker.Sodium-TrackerUITests";
				PRODUCT_NAME = "$(TARGET_NAME)";
				STRING_CATALOG_GENERATE_SYMBOLS = NO;
				SWIFT_APPROACHABLE_CONCURRENCY = YES;
				SWIFT_EMIT_LOC_STRINGS = NO;
				SWIFT_UPCOMING_FEATURE_MEMBER_IMPORT_VISIBILITY = YES;
				SWIFT_VERSION = 5.0;
				TARGETED_DEVICE_FAMILY = "1,2";
				TEST_TARGET_NAME = "Sodium Tracker";
			};
			name = Debug;
		};
		405C094B301DF8050072B1F5 /* Release */ = {
			isa = XCBuildConfiguration;
			buildSettings = {
				CODE_SIGN_STYLE = Automatic;
				CURRENT_PROJECT_VERSION = 1;
				GENERATE_INFOPLIST_FILE = YES;
				MARKETING_VERSION = 1.2;
				PRODUCT_BUNDLE_IDENTIFIER = "com.kabi.sodium.tracker.Sodium-TrackerUITests";
				PRODUCT_NAME = "$(TARGET_NAME)";
				STRING_CATALOG_GENERATE_SYMBOLS = NO;
				SWIFT_APPROACHABLE_CONCURRENCY = YES;
				SWIFT_EMIT_LOC_STRINGS = NO;
				SWIFT_UPCOMING_FEATURE_MEMBER_IMPORT_VISIBILITY = YES;
				SWIFT_VERSION = 5.0;
				TARGETED_DEVICE_FAMILY = "1,2";
				TEST_TARGET_NAME = "Sodium Tracker";
			};
			name = Release;
		};
		A1000011301DF8050072B1F5 /* Debug */ = {
			isa = XCBuildConfiguration;
			buildSettings = {
				CODE_SIGN_ENTITLEMENTS = "Sodium Tracker Widgets/Sodium Tracker Widgets.entitlements";
				CODE_SIGN_STYLE = Automatic;
				CURRENT_PROJECT_VERSION = 8;
				DEVELOPMENT_TEAM = 6DY7FD5M8H;
				INFOPLIST_FILE = "Sodium Tracker Widgets/Info.plist";
				IPHONEOS_DEPLOYMENT_TARGET = 26.2;
				MARKETING_VERSION = 1.2;
				PRODUCT_BUNDLE_IDENTIFIER = "com.kabi.sodium.tracker.Sodium-Tracker.Widgets";
				PRODUCT_NAME = "$(TARGET_NAME)";
				SKIP_INSTALL = YES;
				SWIFT_APPROACHABLE_CONCURRENCY = YES;
				SWIFT_DEFAULT_ACTOR_ISOLATION = MainActor;
				SWIFT_EMIT_LOC_STRINGS = YES;
				SWIFT_VERSION = 5.0;
				TARGETED_DEVICE_FAMILY = "1,2";
			};
			name = Debug;
		};
		A1000012301DF8050072B1F5 /* Release */ = {
			isa = XCBuildConfiguration;
			buildSettings = {
				CODE_SIGN_ENTITLEMENTS = "Sodium Tracker Widgets/Sodium Tracker Widgets.entitlements";
				CODE_SIGN_STYLE = Automatic;
				CURRENT_PROJECT_VERSION = 8;
				DEVELOPMENT_TEAM = 6DY7FD5M8H;
				INFOPLIST_FILE = "Sodium Tracker Widgets/Info.plist";
				IPHONEOS_DEPLOYMENT_TARGET = 26.2;
				MARKETING_VERSION = 1.2;
				PRODUCT_BUNDLE_IDENTIFIER = "com.kabi.sodium.tracker.Sodium-Tracker.Widgets";
				PRODUCT_NAME = "$(TARGET_NAME)";
				SKIP_INSTALL = YES;
				SWIFT_APPROACHABLE_CONCURRENCY = YES;
				SWIFT_DEFAULT_ACTOR_ISOLATION = MainActor;
				SWIFT_EMIT_LOC_STRINGS = YES;
				SWIFT_VERSION = 5.0;
				TARGETED_DEVICE_FAMILY = "1,2";
			};
			name = Release;
		};
/* End XCBuildConfiguration section */

/* Begin XCConfigurationList section */
		405C091D301DF8030072B1F5 /* Build configuration list for PBXProject "Sodium Tracker" */ = {
			isa = XCConfigurationList;
			buildConfigurations = (
				405C0941301DF8050072B1F5 /* Debug */,
				405C0942301DF8050072B1F5 /* Release */,
			);
			defaultConfigurationIsVisible = 0;
			defaultConfigurationName = Release;
		};
		405C0943301DF8050072B1F5 /* Build configuration list for PBXNativeTarget "Sodium Tracker" */ = {
			isa = XCConfigurationList;
			buildConfigurations = (
				405C0944301DF8050072B1F5 /* Debug */,
				405C0945301DF8050072B1F5 /* Release */,
			);
			defaultConfigurationIsVisible = 0;
			defaultConfigurationName = Release;
		};
		405C0946301DF8050072B1F5 /* Build configuration list for PBXNativeTarget "Sodium TrackerTests" */ = {
			isa = XCConfigurationList;
			buildConfigurations = (
				405C0947301DF8050072B1F5 /* Debug */,
				405C0948301DF8050072B1F5 /* Release */,
			);
			defaultConfigurationIsVisible = 0;
			defaultConfigurationName = Release;
		};
		405C0949301DF8050072B1F5 /* Build configuration list for PBXNativeTarget "Sodium TrackerUITests" */ = {
			isa = XCConfigurationList;
			buildConfigurations = (
				405C094A301DF8050072B1F5 /* Debug */,
				405C094B301DF8050072B1F5 /* Release */,
			);
			defaultConfigurationIsVisible = 0;
			defaultConfigurationName = Release;
		};
		A1000013301DF8050072B1F5 /* Build configuration list for PBXNativeTarget "Sodium Tracker Widgets" */ = {
			isa = XCConfigurationList;
			buildConfigurations = (
				A1000011301DF8050072B1F5 /* Debug */,
				A1000012301DF8050072B1F5 /* Release */,
			);
			defaultConfigurationIsVisible = 0;
			defaultConfigurationName = Release;
		};
/* End XCConfigurationList section */
	};
	rootObject = 405C091A301DF8030072B1F5 /* Project object */;
}
